
Microsoft Visual Studio Solution File, Format Version 12.00
# Visual Studio Version 16
VisualStudioVersion = 16.0.29009.5
MinimumVisualStudioVersion = 10.0.40219.1
Project("{8BC9CEB8-8B4A-11D0-8D11-00A0C91BC942}") = "engine", "engine.vcxproj", "{7D7EC296-E291-4A15-9204-B3CB978A94FA}"
EndProject
Project("{8BC9CEB8-8B4A-11D0-8D11-00A0C91BC942}") = "engine", "eng.vcxitems", "{D611C6A9-26E2-4158-A284-5065368EB3D4}"
EndProject
Global
	GlobalSection(SolutionConfigurationPlatforms) = preSolution
		Debug|x64 = Debug|x64
		Debug|x86 = Debug|x86
		Release|x64 = Release|x64
		Release|x86 = Release|x86
	EndGlobalSection
	GlobalSection(ProjectConfigurationPlatforms) = postSolution
		{7D7EC296-E291-4A15-9204-B3CB978A94FA}.Debug|x64.ActiveCfg = Debug|x64
		{7D7EC296-E291-4A15-9204-B3CB978A94FA}.Debug|x64.Build.0 = Debug|x64
		{7D7EC296-E291-4A15-9204-B3CB978A94FA}.Debug|x86.ActiveCfg = Debug|Win32
		{7D7EC296-E291-4A15-9204-B3CB978A94FA}.Debug|x86.Build.0 = Debug|Win32
		{7D7EC296-E291-4A15-9204-B3CB978A94FA}.Release|x64.ActiveCfg = Release|x64
		{7D7EC296-E291-4A15-9204-B3CB978A94FA}.Release|x64.Build.0 = Release|x64
		{7D7EC296-E291-4A15-9204-B3CB978A94FA}.Release|x86.ActiveCfg = Release|Win32
		{7D7EC296-E291-4A15-9204-B3CB978A94FA}.Release|x86.Build.0 = Release|Win32
	EndGlobalSection
	GlobalSection(SolutionProperties) = preSolution
		HideSolutionNode = FALSE
	EndGlobalSection
	GlobalSection(ExtensibilityGlobals) = postSolution
		SolutionGuid = {0DCCFBF4-0E52-439F-A77F-951695F7A785}
	EndGlobalSection
EndGlobal
