<?xml version="1.0" encoding="utf-8"?>
<Project ToolsVersion="4.0" xmlns="http://schemas.microsoft.com/developer/msbuild/2003">
  <ItemGroup>
    <Filter Include="Source Files">
      <UniqueIdentifier>{4FC737F1-C7A5-4376-A066-2A32D752A2FF}</UniqueIdentifier>
      <Extensions>cpp;c;cc;cxx;def;odl;idl;hpj;bat;asm;asmx</Extensions>
    </Filter>
    <Filter Include="Header Files">
      <UniqueIdentifier>{93995380-89BD-4b04-88EB-625FBE52EBFB}</UniqueIdentifier>
      <Extensions>h;hh;hpp;hxx;hm;inl;inc;xsd</Extensions>
    </Filter>
    <Filter Include="Resource Files">
      <UniqueIdentifier>{67DA6AB6-F800-4c08-8B7A-83BB121AAD01}</UniqueIdentifier>
      <Extensions>rc;ico;cur;bmp;dlg;rc2;rct;bin;rgs;gif;jpg;jpeg;jpe;resx;tiff;tif;png;wav</Extensions>
    </Filter>
  </ItemGroup>
  <ItemGroup>
    <ClCompile Include="engine\private\abstracts\pool-protected.cpp">
      <Filter>Source Files</Filter>
    </ClCompile>
    <ClCompile Include="engine\private\abstracts\pool-public.cpp">
      <Filter>Source Files</Filter>
    </ClCompile>
    <ClCompile Include="engine\private\asset-types\2dtools.cpp">
      <Filter>Source Files</Filter>
    </ClCompile>
    <ClCompile Include="engine\private\asset-types\basic-types.cpp">
      <Filter>Source Files</Filter>
    </ClCompile>
    <ClCompile Include="engine\private\asset-types\font.cpp">
      <Filter>Source Files</Filter>
    </ClCompile>
    <ClCompile Include="engine\private\asset-types\graphic.cpp">
      <Filter>Source Files</Filter>
    </ClCompile>
    <ClCompile Include="engine\private\asset-types\mesh.cpp">
      <Filter>Source Files</Filter>
    </ClCompile>
    <ClCompile Include="engine\private\asset-types\scene-nodes.cpp">
      <Filter>Source Files</Filter>
    </ClCompile>
    <ClCompile Include="engine\private\asset-types\sprite.cpp">
      <Filter>Source Files</Filter>
    </ClCompile>
    <ClCompile Include="engine\private\asset-types\tile-set.cpp">
      <Filter>Source Files</Filter>
    </ClCompile>
    <ClCompile Include="engine\private\core\engine.cpp">
      <Filter>Source Files</Filter>
    </ClCompile>
    <ClCompile Include="engine\private\core\game.cpp">
      <Filter>Source Files</Filter>
    </ClCompile>
    <ClCompile Include="engine\private\core\modules\input-controls\control-module.cpp">
      <Filter>Source Files</Filter>
    </ClCompile>
    <ClCompile Include="engine\private\core\modules\input-controls-2\input-binding.cpp">
      <Filter>Source Files</Filter>
    </ClCompile>
    <ClCompile Include="engine\private\core\modules\input-controls-2\input-context.cpp">
      <Filter>Source Files</Filter>
    </ClCompile>
    <ClCompile Include="engine\private\core\modules\input-controls-2\input-mapper.cpp">
      <Filter>Source Files</Filter>
    </ClCompile>
    <ClCompile Include="engine\private\core\modules\input-controls-2\input-system.cpp">
      <Filter>Source Files</Filter>
    </ClCompile>
    <ClCompile Include="engine\private\core\modules\input-controls-2\InputState_KeyboardMouse.cpp">
      <Filter>Source Files</Filter>
    </ClCompile>
    <ClCompile Include="engine\private\core\modules\input-controls-2\InputState_SteamController.cpp">
      <Filter>Source Files</Filter>
    </ClCompile>
    <ClCompile Include="engine\private\internals\logger.cpp">
      <Filter>Source Files</Filter>
    </ClCompile>
    <ClCompile Include="engine\private\resource-management\disk.cpp">
      <Filter>Source Files</Filter>
    </ClCompile>
    <ClCompile Include="engine\private\resource-management\memory.cpp">
      <Filter>Source Files</Filter>
    </ClCompile>
    <ClCompile Include="engine\private\resource-management\resources.cpp">
      <Filter>Source Files</Filter>
    </ClCompile>
  </ItemGroup>
  <ItemGroup>
    <ClInclude Include="engine\private\asset-types\2dtools.h">
      <Filter>Header Files</Filter>
    </ClInclude>
    <ClInclude Include="engine\public\cheryl-engine.h">
      <Filter>Header Files</Filter>
    </ClInclude>
    <ClInclude Include="engine\public\internals.h">
      <Filter>Header Files</Filter>
    </ClInclude>
    <ClInclude Include="engine\public\stdafx.h">
      <Filter>Header Files</Filter>
    </ClInclude>
    <ClInclude Include="engine\public\abstracts\pool.h">
      <Filter>Header Files</Filter>
    </ClInclude>
    <ClInclude Include="engine\public\asset-types\basic-types.h">
      <Filter>Header Files</Filter>
    </ClInclude>
    <ClInclude Include="engine\public\asset-types\font.h">
      <Filter>Header Files</Filter>
    </ClInclude>
    <ClInclude Include="engine\public\asset-types\graphic.h">
      <Filter>Header Files</Filter>
    </ClInclude>
    <ClInclude Include="engine\public\asset-types\mesh.h">
      <Filter>Header Files</Filter>
    </ClInclude>
    <ClInclude Include="engine\public\asset-types\scene-nodes.h">
      <Filter>Header Files</Filter>
    </ClInclude>
    <ClInclude Include="engine\public\asset-types\sprite.h">
      <Filter>Header Files</Filter>
    </ClInclude>
    <ClInclude Include="engine\public\asset-types\tile-set.h">
      <Filter>Header Files</Filter>
    </ClInclude>
    <ClInclude Include="engine\public\core\engine.h">
      <Filter>Header Files</Filter>
    </ClInclude>
    <ClInclude Include="engine\public\core\game.h">
      <Filter>Header Files</Filter>
    </ClInclude>
    <ClInclude Include="engine\public\core\modules\input-controls\control-module.h">
      <Filter>Header Files</Filter>
    </ClInclude>
    <ClInclude Include="engine\public\core\modules\input-controls-2\input-binding.h">
      <Filter>Header Files</Filter>
    </ClInclude>
    <ClInclude Include="engine\public\core\modules\input-controls-2\input-context.h">
      <Filter>Header Files</Filter>
    </ClInclude>
    <ClInclude Include="engine\public\core\modules\input-controls-2\input-mapper.h">
      <Filter>Header Files</Filter>
    </ClInclude>
    <ClInclude Include="engine\public\core\modules\input-controls-2\input-state.h">
      <Filter>Header Files</Filter>
    </ClInclude>
    <ClInclude Include="engine\public\core\modules\input-controls-2\input-system.h">
      <Filter>Header Files</Filter>
    </ClInclude>
    <ClInclude Include="engine\public\core\modules\input-controls-2\InputState_KeyboardMouse.h">
      <Filter>Header Files</Filter>
    </ClInclude>
    <ClInclude Include="engine\public\core\modules\input-controls-2\InputState_SteamController.h">
      <Filter>Header Files</Filter>
    </ClInclude>
    <ClInclude Include="engine\public\interfaces\actor.h">
      <Filter>Header Files</Filter>
    </ClInclude>
    <ClInclude Include="engine\public\interfaces\allocator.h">
      <Filter>Header Files</Filter>
    </ClInclude>
    <ClInclude Include="engine\public\interfaces\asset.h">
      <Filter>Header Files</Filter>
    </ClInclude>
    <ClInclude Include="engine\public\interfaces\game-module.h">
      <Filter>Header Files</Filter>
    </ClInclude>
    <ClInclude Include="engine\public\interfaces\loadable.h">
      <Filter>Header Files</Filter>
    </ClInclude>
    <ClInclude Include="engine\public\interfaces\loader.h">
      <Filter>Header Files</Filter>
    </ClInclude>
    <ClInclude Include="engine\public\interfaces\pool.h">
      <Filter>Header Files</Filter>
    </ClInclude>
    <ClInclude Include="engine\public\internals\aliases.h">
      <Filter>Header Files</Filter>
    </ClInclude>
    <ClInclude Include="engine\public\internals\exceptions.h">
      <Filter>Header Files</Filter>
    </ClInclude>
    <ClInclude Include="engine\public\internals\logger.h">
      <Filter>Header Files</Filter>
    </ClInclude>
    <ClInclude Include="engine\public\internals\macros.h">
      <Filter>Header Files</Filter>
    </ClInclude>
    <ClInclude Include="engine\public\internals\math.h">
      <Filter>Header Files</Filter>
    </ClInclude>
    <ClInclude Include="engine\public\internals\posh.h">
      <Filter>Header Files</Filter>
    </ClInclude>
    <ClInclude Include="engine\public\internals\singleton.h">
      <Filter>Header Files</Filter>
    </ClInclude>
    <ClInclude Include="engine\public\internals\stacktrace.h">
      <Filter>Header Files</Filter>
    </ClInclude>
    <ClInclude Include="engine\public\object-management\asset-mgr.h">
      <Filter>Header Files</Filter>
    </ClInclude>
    <ClInclude Include="engine\public\object-management\inter-access.h">
      <Filter>Header Files</Filter>
    </ClInclude>
    <ClInclude Include="engine\public\resource-management\disk.h">
      <Filter>Header Files</Filter>
    </ClInclude>
    <ClInclude Include="engine\public\resource-management\factory.h">
      <Filter>Header Files</Filter>
    </ClInclude>
    <ClInclude Include="engine\public\resource-management\memory.h">
      <Filter>Header Files</Filter>
    </ClInclude>
    <ClInclude Include="engine\public\resource-management\pool.h">
      <Filter>Header Files</Filter>
    </ClInclude>
    <ClInclude Include="engine\public\resource-management\resources.h">
      <Filter>Header Files</Filter>
    </ClInclude>
    <ClInclude Include="engine\public\resource-management\pools\asset-pool.h">
      <Filter>Header Files</Filter>
    </ClInclude>
    <ClInclude Include="engine\public\resource-management\pools\generic-pool.h">
      <Filter>Header Files</Filter>
    </ClInclude>
    <ClInclude Include="engine\public\core\internals\stacktrace.h">
      <Filter>Header Files</Filter>
    </ClInclude>
    <ClInclude Include="engine\public\core\internals\aliases.h">
      <Filter>Header Files</Filter>
    </ClInclude>
    <ClInclude Include="engine\public\core\internals\exceptions.h">
      <Filter>Header Files</Filter>
    </ClInclude>
    <ClInclude Include="engine\public\core\internals\logger.h">
      <Filter>Header Files</Filter>
    </ClInclude>
    <ClInclude Include="engine\public\core\internals\macros.h">
      <Filter>Header Files</Filter>
    </ClInclude>
    <ClInclude Include="engine\public\core\internals\math.h">
      <Filter>Header Files</Filter>
    </ClInclude>
    <ClInclude Include="engine\public\core\internals\posh.h">
      <Filter>Header Files</Filter>
    </ClInclude>
    <ClInclude Include="engine\public\core\internals\singleton.h">
      <Filter>Header Files</Filter>
    </ClInclude>
    <ClInclude Include="engine\public\core\internals.h">
      <Filter>Header Files</Filter>
    </ClInclude>
  </ItemGroup>
  <ItemGroup>
    <None Include=".gitignore" />
  </ItemGroup>
</Project>